
Microsoft Visual Studio Solution File, Format Version 12.00
# Visual Studio Version 17
VisualStudioVersion = 17.1.32407.343
MinimumVisualStudioVersion = 10.0.40219.1
Project("{FAE04EC0-301F-11D3-BF4B-00C04F79EFBC}") = "CrossRiver", "CrossRiver\CrossRiver.csproj", "{574E08D4-B781-4F75-A13E-C8F190441579}"
EndProject
Global
	GlobalSection(SolutionConfigurationPlatforms) = preSolution
		Debug|Any CPU = Debug|Any CPU
		Release|Any CPU = Release|Any CPU
	EndGlobalSection
	GlobalSection(ProjectConfigurationPlatforms) = postSolution
		{574E08D4-B781-4F75-A13E-C8F190441579}.Debug|Any CPU.ActiveCfg = Debug|Any CPU
		{574E08D4-B781-4F75-A13E-C8F190441579}.Debug|Any CPU.Build.0 = Debug|Any CPU
		{574E08D4-B781-4F75-A13E-C8F190441579}.Release|Any CPU.ActiveCfg = Release|Any CPU
		{574E08D4-B781-4F75-A13E-C8F190441579}.Release|Any CPU.Build.0 = Release|Any CPU
	EndGlobalSection
	GlobalSection(SolutionProperties) = preSolution
		HideSolutionNode = FALSE
	EndGlobalSection
	GlobalSection(ExtensibilityGlobals) = postSolution
		SolutionGuid = {4DFC3A2A-82FB-40D9-90CD-A19E9754B1B2}
	EndGlobalSection
EndGlobal
